# This file is automatically @generated by Cargo.
# It is not intended for manual editing.
version = 3

[[package]]
name = "eggfetch-cli"
version = "0.1.0"
dependencies = [
 "eggfetch-core",
]

[[package]]
name = "eggfetch-core"
version = "0.1.0"

[[package]]
name = "eggfetch-python"
version = "0.1.0"
dependencies = [
 "eggfetch-core",
]
